
Microsoft Visual Studio Solution File, Format Version 12.00
# Visual Studio Version 16
VisualStudioVersion = 16.0.30114.105
MinimumVisualStudioVersion = 10.0.40219.1
Project("{2150E333-8FDC-42A3-9474-1A3956D46DE8}") = "tests", "tests", "{C785FDD3-4F76-4F8F-9BC2-D81870C08A86}"
EndProject
Project("{FAE04EC0-301F-11D3-BF4B-00C04F79EFBC}") = "BookingX.Core.Domain.Tests", "tests\BookingX.Core.Domain.Tests\BookingX.Core.Domain.Tests.csproj", "{309F51E5-48F8-4FAE-BFD2-A3621F9D8A2B}"
EndProject
Project("{2150E333-8FDC-42A3-9474-1A3956D46DE8}") = "src", "src", "{CF832BE0-1271-42FA-965B-E9948CDCC122}"
EndProject
Project("{FAE04EC0-301F-11D3-BF4B-00C04F79EFBC}") = "BookingX.Infrastructure.Data", "src\BookingX.Infrastructure.Data\BookingX.Infrastructure.Data.csproj", "{11BA296E-E775-4DF1-9F6F-31EE3FF81717}"
EndProject
Project("{FAE04EC0-301F-11D3-BF4B-00C04F79EFBC}") = "BookingX.Core.Domain", "src\BookingX.Core.Domain\BookingX.Core.Domain.csproj", "{D316FEEF-F2FA-4CAF-8D82-0C7DDD090F22}"
EndProject
Project("{FAE04EC0-301F-11D3-BF4B-00C04F79EFBC}") = "BookingX.Core.Application", "src\BookingX.Core.Application\BookingX.Core.Application.csproj", "{7E018A92-1832-42F8-9750-8223F126DE86}"
EndProject
Project("{FAE04EC0-301F-11D3-BF4B-00C04F79EFBC}") = "BookingX.Api", "src\BookingX.Api\BookingX.Api.csproj", "{E6C707CB-AFFC-4DA7-B3D4-150406F5023A}"
EndProject
Project("{FAE04EC0-301F-11D3-BF4B-00C04F79EFBC}") = "BookingX.Core.Application.Tests", "tests\BookingX.Core.Application.Tests\BookingX.Core.Application.Tests.csproj", "{CD6E80BB-9A98-4907-AF2A-CB3B013E1C40}"
EndProject
Global
	GlobalSection(SolutionConfigurationPlatforms) = preSolution
		Debug|Any CPU = Debug|Any CPU
		Debug|x64 = Debug|x64
		Debug|x86 = Debug|x86
		Release|Any CPU = Release|Any CPU
		Release|x64 = Release|x64
		Release|x86 = Release|x86
	EndGlobalSection
	GlobalSection(SolutionProperties) = preSolution
		HideSolutionNode = FALSE
	EndGlobalSection
	GlobalSection(ProjectConfigurationPlatforms) = postSolution
		{309F51E5-48F8-4FAE-BFD2-A3621F9D8A2B}.Debug|Any CPU.ActiveCfg = Debug|Any CPU
		{309F51E5-48F8-4FAE-BFD2-A3621F9D8A2B}.Debug|Any CPU.Build.0 = Debug|Any CPU
		{309F51E5-48F8-4FAE-BFD2-A3621F9D8A2B}.Debug|x64.ActiveCfg = Debug|Any CPU
		{309F51E5-48F8-4FAE-BFD2-A3621F9D8A2B}.Debug|x64.Build.0 = Debug|Any CPU
		{309F51E5-48F8-4FAE-BFD2-A3621F9D8A2B}.Debug|x86.ActiveCfg = Debug|Any CPU
		{309F51E5-48F8-4FAE-BFD2-A3621F9D8A2B}.Debug|x86.Build.0 = Debug|Any CPU
		{309F51E5-48F8-4FAE-BFD2-A3621F9D8A2B}.Release|Any CPU.ActiveCfg = Release|Any CPU
		{309F51E5-48F8-4FAE-BFD2-A3621F9D8A2B}.Release|Any CPU.Build.0 = Release|Any CPU
		{309F51E5-48F8-4FAE-BFD2-A3621F9D8A2B}.Release|x64.ActiveCfg = Release|Any CPU
		{309F51E5-48F8-4FAE-BFD2-A3621F9D8A2B}.Release|x64.Build.0 = Release|Any CPU
		{309F51E5-48F8-4FAE-BFD2-A3621F9D8A2B}.Release|x86.ActiveCfg = Release|Any CPU
		{309F51E5-48F8-4FAE-BFD2-A3621F9D8A2B}.Release|x86.Build.0 = Release|Any CPU
		{11BA296E-E775-4DF1-9F6F-31EE3FF81717}.Debug|Any CPU.ActiveCfg = Debug|Any CPU
		{11BA296E-E775-4DF1-9F6F-31EE3FF81717}.Debug|Any CPU.Build.0 = Debug|Any CPU
		{11BA296E-E775-4DF1-9F6F-31EE3FF81717}.Debug|x64.ActiveCfg = Debug|Any CPU
		{11BA296E-E775-4DF1-9F6F-31EE3FF81717}.Debug|x64.Build.0 = Debug|Any CPU
		{11BA296E-E775-4DF1-9F6F-31EE3FF81717}.Debug|x86.ActiveCfg = Debug|Any CPU
		{11BA296E-E775-4DF1-9F6F-31EE3FF81717}.Debug|x86.Build.0 = Debug|Any CPU
		{11BA296E-E775-4DF1-9F6F-31EE3FF81717}.Release|Any CPU.ActiveCfg = Release|Any CPU
		{11BA296E-E775-4DF1-9F6F-31EE3FF81717}.Release|Any CPU.Build.0 = Release|Any CPU
		{11BA296E-E775-4DF1-9F6F-31EE3FF81717}.Release|x64.ActiveCfg = Release|Any CPU
		{11BA296E-E775-4DF1-9F6F-31EE3FF81717}.Release|x64.Build.0 = Release|Any CPU
		{11BA296E-E775-4DF1-9F6F-31EE3FF81717}.Release|x86.ActiveCfg = Release|Any CPU
		{11BA296E-E775-4DF1-9F6F-31EE3FF81717}.Release|x86.Build.0 = Release|Any CPU
		{D316FEEF-F2FA-4CAF-8D82-0C7DDD090F22}.Debug|Any CPU.ActiveCfg = Debug|Any CPU
		{D316FEEF-F2FA-4CAF-8D82-0C7DDD090F22}.Debug|Any CPU.Build.0 = Debug|Any CPU
		{D316FEEF-F2FA-4CAF-8D82-0C7DDD090F22}.Debug|x64.ActiveCfg = Debug|Any CPU
		{D316FEEF-F2FA-4CAF-8D82-0C7DDD090F22}.Debug|x64.Build.0 = Debug|Any CPU
		{D316FEEF-F2FA-4CAF-8D82-0C7DDD090F22}.Debug|x86.ActiveCfg = Debug|Any CPU
		{D316FEEF-F2FA-4CAF-8D82-0C7DDD090F22}.Debug|x86.Build.0 = Debug|Any CPU
		{D316FEEF-F2FA-4CAF-8D82-0C7DDD090F22}.Release|Any CPU.ActiveCfg = Release|Any CPU
		{D316FEEF-F2FA-4CAF-8D82-0C7DDD090F22}.Release|Any CPU.Build.0 = Release|Any CPU
		{D316FEEF-F2FA-4CAF-8D82-0C7DDD090F22}.Release|x64.ActiveCfg = Release|Any CPU
		{D316FEEF-F2FA-4CAF-8D82-0C7DDD090F22}.Release|x64.Build.0 = Release|Any CPU
		{D316FEEF-F2FA-4CAF-8D82-0C7DDD090F22}.Release|x86.ActiveCfg = Release|Any CPU
		{D316FEEF-F2FA-4CAF-8D82-0C7DDD090F22}.Release|x86.Build.0 = Release|Any CPU
		{7E018A92-1832-42F8-9750-8223F126DE86}.Debug|Any CPU.ActiveCfg = Debug|Any CPU
		{7E018A92-1832-42F8-9750-8223F126DE86}.Debug|Any CPU.Build.0 = Debug|Any CPU
		{7E018A92-1832-42F8-9750-8223F126DE86}.Debug|x64.ActiveCfg = Debug|Any CPU
		{7E018A92-1832-42F8-9750-8223F126DE86}.Debug|x64.Build.0 = Debug|Any CPU
		{7E018A92-1832-42F8-9750-8223F126DE86}.Debug|x86.ActiveCfg = Debug|Any CPU
		{7E018A92-1832-42F8-9750-8223F126DE86}.Debug|x86.Build.0 = Debug|Any CPU
		{7E018A92-1832-42F8-9750-8223F126DE86}.Release|Any CPU.ActiveCfg = Release|Any CPU
		{7E018A92-1832-42F8-9750-8223F126DE86}.Release|Any CPU.Build.0 = Release|Any CPU
		{7E018A92-1832-42F8-9750-8223F126DE86}.Release|x64.ActiveCfg = Release|Any CPU
		{7E018A92-1832-42F8-9750-8223F126DE86}.Release|x64.Build.0 = Release|Any CPU
		{7E018A92-1832-42F8-9750-8223F126DE86}.Release|x86.ActiveCfg = Release|Any CPU
		{7E018A92-1832-42F8-9750-8223F126DE86}.Release|x86.Build.0 = Release|Any CPU
		{E6C707CB-AFFC-4DA7-B3D4-150406F5023A}.Debug|Any CPU.ActiveCfg = Debug|Any CPU
		{E6C707CB-AFFC-4DA7-B3D4-150406F5023A}.Debug|Any CPU.Build.0 = Debug|Any CPU
		{E6C707CB-AFFC-4DA7-B3D4-150406F5023A}.Debug|x64.ActiveCfg = Debug|Any CPU
		{E6C707CB-AFFC-4DA7-B3D4-150406F5023A}.Debug|x64.Build.0 = Debug|Any CPU
		{E6C707CB-AFFC-4DA7-B3D4-150406F5023A}.Debug|x86.ActiveCfg = Debug|Any CPU
		{E6C707CB-AFFC-4DA7-B3D4-150406F5023A}.Debug|x86.Build.0 = Debug|Any CPU
		{E6C707CB-AFFC-4DA7-B3D4-150406F5023A}.Release|Any CPU.ActiveCfg = Release|Any CPU
		{E6C707CB-AFFC-4DA7-B3D4-150406F5023A}.Release|Any CPU.Build.0 = Release|Any CPU
		{E6C707CB-AFFC-4DA7-B3D4-150406F5023A}.Release|x64.ActiveCfg = Release|Any CPU
		{E6C707CB-AFFC-4DA7-B3D4-150406F5023A}.Release|x64.Build.0 = Release|Any CPU
		{E6C707CB-AFFC-4DA7-B3D4-150406F5023A}.Release|x86.ActiveCfg = Release|Any CPU
		{E6C707CB-AFFC-4DA7-B3D4-150406F5023A}.Release|x86.Build.0 = Release|Any CPU
		{CD6E80BB-9A98-4907-AF2A-CB3B013E1C40}.Debug|Any CPU.ActiveCfg = Debug|Any CPU
		{CD6E80BB-9A98-4907-AF2A-CB3B013E1C40}.Debug|Any CPU.Build.0 = Debug|Any CPU
		{CD6E80BB-9A98-4907-AF2A-CB3B013E1C40}.Debug|x64.ActiveCfg = Debug|Any CPU
		{CD6E80BB-9A98-4907-AF2A-CB3B013E1C40}.Debug|x64.Build.0 = Debug|Any CPU
		{CD6E80BB-9A98-4907-AF2A-CB3B013E1C40}.Debug|x86.ActiveCfg = Debug|Any CPU
		{CD6E80BB-9A98-4907-AF2A-CB3B013E1C40}.Debug|x86.Build.0 = Debug|Any CPU
		{CD6E80BB-9A98-4907-AF2A-CB3B013E1C40}.Release|Any CPU.ActiveCfg = Release|Any CPU
		{CD6E80BB-9A98-4907-AF2A-CB3B013E1C40}.Release|Any CPU.Build.0 = Release|Any CPU
		{CD6E80BB-9A98-4907-AF2A-CB3B013E1C40}.Release|x64.ActiveCfg = Release|Any CPU
		{CD6E80BB-9A98-4907-AF2A-CB3B013E1C40}.Release|x64.Build.0 = Release|Any CPU
		{CD6E80BB-9A98-4907-AF2A-CB3B013E1C40}.Release|x86.ActiveCfg = Release|Any CPU
		{CD6E80BB-9A98-4907-AF2A-CB3B013E1C40}.Release|x86.Build.0 = Release|Any CPU
	EndGlobalSection
	GlobalSection(NestedProjects) = preSolution
		{309F51E5-48F8-4FAE-BFD2-A3621F9D8A2B} = {C785FDD3-4F76-4F8F-9BC2-D81870C08A86}
		{11BA296E-E775-4DF1-9F6F-31EE3FF81717} = {CF832BE0-1271-42FA-965B-E9948CDCC122}
		{D316FEEF-F2FA-4CAF-8D82-0C7DDD090F22} = {CF832BE0-1271-42FA-965B-E9948CDCC122}
		{7E018A92-1832-42F8-9750-8223F126DE86} = {CF832BE0-1271-42FA-965B-E9948CDCC122}
		{E6C707CB-AFFC-4DA7-B3D4-150406F5023A} = {CF832BE0-1271-42FA-965B-E9948CDCC122}
		{CD6E80BB-9A98-4907-AF2A-CB3B013E1C40} = {C785FDD3-4F76-4F8F-9BC2-D81870C08A86}
	EndGlobalSection
EndGlobal
